// !$*UTF8*$!
{
	archiveVersion = 1;
	classes = {
	};
	objectVersion = 46;
	objects = {

/* Begin PBXBuildFile section */
		F34149841BE573D400E231EE /* FBSDKCoreKit.framework in Frameworks */ = {isa = PBXBuildFile; fileRef = F367D8831BE2CF350018634A /* FBSDKCoreKit.framework */; };
		F34149851BE573D600E231EE /* FBSDKLoginKit.framework in Frameworks */ = {isa = PBXBuildFile; fileRef = F367D8811BE2C15B0018634A /* FBSDKLoginKit.framework */; };
		F34149871BE592D500E231EE /* UdacityClient.swift in Sources */ = {isa = PBXBuildFile; fileRef = F34149861BE592D500E231EE /* UdacityClient.swift */; };
		F367D85E1BE2AAF40018634A /* AppDelegate.swift in Sources */ = {isa = PBXBuildFile; fileRef = F367D85D1BE2AAF40018634A /* AppDelegate.swift */; };
		F367D8601BE2AAF40018634A /* LoginViewController.swift in Sources */ = {isa = PBXBuildFile; fileRef = F367D85F1BE2AAF40018634A /* LoginViewController.swift */; };
		F367D8631BE2AAF40018634A /* Main.storyboard in Resources */ = {isa = PBXBuildFile; fileRef = F367D8611BE2AAF40018634A /* Main.storyboard */; };
		F367D8651BE2AAF40018634A /* Assets.xcassets in Resources */ = {isa = PBXBuildFile; fileRef = F367D8641BE2AAF40018634A /* Assets.xcassets */; };
		F367D8681BE2AAF40018634A /* LaunchScreen.storyboard in Resources */ = {isa = PBXBuildFile; fileRef = F367D8661BE2AAF40018634A /* LaunchScreen.storyboard */; };
		F367D8741BE2AD740018634A /* MapViewController.swift in Sources */ = {isa = PBXBuildFile; fileRef = F367D8731BE2AD740018634A /* MapViewController.swift */; };
		F367D8761BE2ADA10018634A /* TableViewController.swift in Sources */ = {isa = PBXBuildFile; fileRef = F367D8751BE2ADA10018634A /* TableViewController.swift */; };
		F367D87A1BE2B7460018634A /* Roboto-Thin.ttf in Resources */ = {isa = PBXBuildFile; fileRef = F367D8791BE2B1070018634A /* Roboto-Thin.ttf */; };
		F367D87B1BE2B7490018634A /* Roboto-Regular.ttf in Resources */ = {isa = PBXBuildFile; fileRef = F367D8781BE2B1070018634A /* Roboto-Regular.ttf */; };
		F367D87C1BE2B74E0018634A /* Roboto-Medium.ttf in Resources */ = {isa = PBXBuildFile; fileRef = F367D8771BE2B1070018634A /* Roboto-Medium.ttf */; };
		F367D8871BE2D1760018634A /* OTMConstants.swift in Sources */ = {isa = PBXBuildFile; fileRef = F367D8861BE2D1760018634A /* OTMConstants.swift */; };
		F38060F21C1CCF0A005F1B52 /* ParseClient.swift in Sources */ = {isa = PBXBuildFile; fileRef = F38060F11C1CCF0A005F1B52 /* ParseClient.swift */; };
		F38060F41C1CCF54005F1B52 /* StudentLocation.swift in Sources */ = {isa = PBXBuildFile; fileRef = F38060F31C1CCF54005F1B52 /* StudentLocation.swift */; };
		F38582981BE4CE3B00D41DFA /* OTMClient.swift in Sources */ = {isa = PBXBuildFile; fileRef = F38582971BE4CE3B00D41DFA /* OTMClient.swift */; };
/* End PBXBuildFile section */

/* Begin PBXFileReference section */
		F34149861BE592D500E231EE /* UdacityClient.swift */ = {isa = PBXFileReference; fileEncoding = 4; lastKnownFileType = sourcecode.swift; path = UdacityClient.swift; sourceTree = "<group>"; };
		F367D85A1BE2AAF40018634A /* On The Map.app */ = {isa = PBXFileReference; explicitFileType = wrapper.application; includeInIndex = 0; path = "On The Map.app"; sourceTree = BUILT_PRODUCTS_DIR; };
		F367D85D1BE2AAF40018634A /* AppDelegate.swift */ = {isa = PBXFileReference; lastKnownFileType = sourcecode.swift; path = AppDelegate.swift; sourceTree = "<group>"; };
		F367D85F1BE2AAF40018634A /* LoginViewController.swift */ = {isa = PBXFileReference; lastKnownFileType = sourcecode.swift; path = LoginViewController.swift; sourceTree = "<group>"; };
		F367D8621BE2AAF40018634A /* Base */ = {isa = PBXFileReference; lastKnownFileType = file.storyboard; name = Base; path = Base.lproj/Main.storyboard; sourceTree = "<group>"; };
		F367D8641BE2AAF40018634A /* Assets.xcassets */ = {isa = PBXFileReference; lastKnownFileType = folder.assetcatalog; path = Assets.xcassets; sourceTree = "<group>"; };
		F367D8671BE2AAF40018634A /* Base */ = {isa = PBXFileReference; lastKnownFileType = file.storyboard; name = Base; path = Base.lproj/LaunchScreen.storyboard; sourceTree = "<group>"; };
		F367D8691BE2AAF50018634A /* Info.plist */ = {isa = PBXFileReference; lastKnownFileType = text.plist.xml; path = Info.plist; sourceTree = "<group>"; };
		F367D8731BE2AD740018634A /* MapViewController.swift */ = {isa = PBXFileReference; fileEncoding = 4; lastKnownFileType = sourcecode.swift; path = MapViewController.swift; sourceTree = "<group>"; };
		F367D8751BE2ADA10018634A /* TableViewController.swift */ = {isa = PBXFileReference; fileEncoding = 4; lastKnownFileType = sourcecode.swift; path = TableViewController.swift; sourceTree = "<group>"; };
		F367D8771BE2B1070018634A /* Roboto-Medium.ttf */ = {isa = PBXFileReference; lastKnownFileType = file; path = "Roboto-Medium.ttf"; sourceTree = "<group>"; };
		F367D8781BE2B1070018634A /* Roboto-Regular.ttf */ = {isa = PBXFileReference; lastKnownFileType = file; path = "Roboto-Regular.ttf"; sourceTree = "<group>"; };
		F367D8791BE2B1070018634A /* Roboto-Thin.ttf */ = {isa = PBXFileReference; lastKnownFileType = file; path = "Roboto-Thin.ttf"; sourceTree = "<group>"; };
		F367D8811BE2C15B0018634A /* FBSDKLoginKit.framework */ = {isa = PBXFileReference; lastKnownFileType = wrapper.framework; name = FBSDKLoginKit.framework; path = "On The Map/FBSDKLoginKit.framework"; sourceTree = SOURCE_ROOT; };
		F367D8831BE2CF350018634A /* FBSDKCoreKit.framework */ = {isa = PBXFileReference; lastKnownFileType = wrapper.framework; name = FBSDKCoreKit.framework; path = "On The Map/FBSDKCoreKit.framework"; sourceTree = SOURCE_ROOT; };
		F367D8851BE2CF5A0018634A /* FBBridgeHeader.h */ = {isa = PBXFileReference; lastKnownFileType = sourcecode.c.h; path = FBBridgeHeader.h; sourceTree = "<group>"; };
		F367D8861BE2D1760018634A /* OTMConstants.swift */ = {isa = PBXFileReference; fileEncoding = 4; lastKnownFileType = sourcecode.swift; path = OTMConstants.swift; sourceTree = "<group>"; };
		F38060F11C1CCF0A005F1B52 /* ParseClient.swift */ = {isa = PBXFileReference; fileEncoding = 4; lastKnownFileType = sourcecode.swift; path = ParseClient.swift; sourceTree = "<group>"; };
		F38060F31C1CCF54005F1B52 /* StudentLocation.swift */ = {isa = PBXFileReference; fileEncoding = 4; lastKnownFileType = sourcecode.swift; path = StudentLocation.swift; sourceTree = "<group>"; };
		F38582971BE4CE3B00D41DFA /* OTMClient.swift */ = {isa = PBXFileReference; fileEncoding = 4; lastKnownFileType = sourcecode.swift; path = OTMClient.swift; sourceTree = "<group>"; };
/* End PBXFileReference section */

/* Begin PBXFrameworksBuildPhase section */
		F367D8571BE2AAF40018634A /* Frameworks */ = {
			isa = PBXFrameworksBuildPhase;
			buildActionMask = 2147483647;
			files = (
				F34149841BE573D400E231EE /* FBSDKCoreKit.framework in Frameworks */,
				F34149851BE573D600E231EE /* FBSDKLoginKit.framework in Frameworks */,
			);
			runOnlyForDeploymentPostprocessing = 0;
		};
/* End PBXFrameworksBuildPhase section */

/* Begin PBXGroup section */
		F367D8511BE2AAF40018634A = {
			isa = PBXGroup;
			children = (
				F367D85C1BE2AAF40018634A /* On The Map */,
				F367D85B1BE2AAF40018634A /* Products */,
			);
			sourceTree = "<group>";
		};
		F367D85B1BE2AAF40018634A /* Products */ = {
			isa = PBXGroup;
			children = (
				F367D85A1BE2AAF40018634A /* On The Map.app */,
			);
			name = Products;
			sourceTree = "<group>";
		};
		F367D85C1BE2AAF40018634A /* On The Map */ = {
			isa = PBXGroup;
			children = (
				F367D8721BE2AB2E0018634A /* Model */,
				F367D86F1BE2AB030018634A /* Supporting Files */,
				F367D8711BE2AB250018634A /* View */,
				F367D8701BE2AB100018634A /* Storyboards */,
				F367D8641BE2AAF40018634A /* Assets.xcassets */,
			);
			path = "On The Map";
			sourceTree = "<group>";
		};
		F367D86F1BE2AB030018634A /* Supporting Files */ = {
			isa = PBXGroup;
			children = (
				F367D85D1BE2AAF40018634A /* AppDelegate.swift */,
				F367D8771BE2B1070018634A /* Roboto-Medium.ttf */,
				F367D8781BE2B1070018634A /* Roboto-Regular.ttf */,
				F367D8791BE2B1070018634A /* Roboto-Thin.ttf */,
				F367D8691BE2AAF50018634A /* Info.plist */,
				F367D8831BE2CF350018634A /* FBSDKCoreKit.framework */,
				F367D8811BE2C15B0018634A /* FBSDKLoginKit.framework */,
				F367D8851BE2CF5A0018634A /* FBBridgeHeader.h */,
			);
			name = "Supporting Files";
			sourceTree = "<group>";
		};
		F367D8701BE2AB100018634A /* Storyboards */ = {
			isa = PBXGroup;
			children = (
				F367D8611BE2AAF40018634A /* Main.storyboard */,
				F367D8661BE2AAF40018634A /* LaunchScreen.storyboard */,
			);
			name = Storyboards;
			sourceTree = "<group>";
		};
		F367D8711BE2AB250018634A /* View */ = {
			isa = PBXGroup;
			children = (
				F367D85F1BE2AAF40018634A /* LoginViewController.swift */,
				F367D8731BE2AD740018634A /* MapViewController.swift */,
				F367D8751BE2ADA10018634A /* TableViewController.swift */,
			);
			name = View;
			sourceTree = "<group>";
		};
		F367D8721BE2AB2E0018634A /* Model */ = {
			isa = PBXGroup;
			children = (
				F367D8861BE2D1760018634A /* OTMConstants.swift */,
				F38582971BE4CE3B00D41DFA /* OTMClient.swift */,
				F34149861BE592D500E231EE /* UdacityClient.swift */,
				F38060F11C1CCF0A005F1B52 /* ParseClient.swift */,
				F38060F31C1CCF54005F1B52 /* StudentLocation.swift */,
			);
			name = Model;
			sourceTree = "<group>";
		};
/* End PBXGroup section */

/* Begin PBXNativeTarget section */
		F367D8591BE2AAF40018634A /* On The Map */ = {
			isa = PBXNativeTarget;
			buildConfigurationList = F367D86C1BE2AAF50018634A /* Build configuration list for PBXNativeTarget "On The Map" */;
			buildPhases = (
				F367D8561BE2AAF40018634A /* Sources */,
				F367D8571BE2AAF40018634A /* Frameworks */,
				F367D8581BE2AAF40018634A /* Resources */,
			);
			buildRules = (
			);
			dependencies = (
			);
			name = "On The Map";
			productName = "On The Map";
			productReference = F367D85A1BE2AAF40018634A /* On The Map.app */;
			productType = "com.apple.product-type.application";
		};
/* End PBXNativeTarget section */

/* Begin PBXProject section */
		F367D8521BE2AAF40018634A /* Project object */ = {
			isa = PBXProject;
			attributes = {
				LastUpgradeCheck = 0700;
				ORGANIZATIONNAME = "Martin Kelly";
				TargetAttributes = {
					F367D8591BE2AAF40018634A = {
						CreatedOnToolsVersion = 7.0.1;
						DevelopmentTeam = S455MGL796;
					};
				};
			};
			buildConfigurationList = F367D8551BE2AAF40018634A /* Build configuration list for PBXProject "On The Map" */;
			compatibilityVersion = "Xcode 3.2";
			developmentRegion = English;
			hasScannedForEncodings = 0;
			knownRegions = (
				en,
				Base,
			);
			mainGroup = F367D8511BE2AAF40018634A;
			productRefGroup = F367D85B1BE2AAF40018634A /* Products */;
			projectDirPath = "";
			projectRoot = "";
			targets = (
				F367D8591BE2AAF40018634A /* On The Map */,
			);
		};
/* End PBXProject section */

/* Begin PBXResourcesBuildPhase section */
		F367D8581BE2AAF40018634A /* Resources */ = {
			isa = PBXResourcesBuildPhase;
			buildActionMask = 2147483647;
			files = (
				F367D87A1BE2B7460018634A /* Roboto-Thin.ttf in Resources */,
				F367D8681BE2AAF40018634A /* LaunchScreen.storyboard in Resources */,
				F367D87C1BE2B74E0018634A /* Roboto-Medium.ttf in Resources */,
				F367D87B1BE2B7490018634A /* Roboto-Regular.ttf in Resources */,
				F367D8651BE2AAF40018634A /* Assets.xcassets in Resources */,
				F367D8631BE2AAF40018634A /* Main.storyboard in Resources */,
			);
			runOnlyForDeploymentPostprocessing = 0;
		};
/* End PBXResourcesBuildPhase section */

/* Begin PBXSourcesBuildPhase section */
		F367D8561BE2AAF40018634A /* Sources */ = {
			isa = PBXSourcesBuildPhase;
			buildActionMask = 2147483647;
			files = (
				F38060F41C1CCF54005F1B52 /* StudentLocation.swift in Sources */,
				F367D8601BE2AAF40018634A /* LoginViewController.swift in Sources */,
				F38582981BE4CE3B00D41DFA /* OTMClient.swift in Sources */,
				F367D8741BE2AD740018634A /* MapViewController.swift in Sources */,
				F367D85E1BE2AAF40018634A /* AppDelegate.swift in Sources */,
				F367D8871BE2D1760018634A /* OTMConstants.swift in Sources */,
				F34149871BE592D500E231EE /* UdacityClient.swift in Sources */,
				F38060F21C1CCF0A005F1B52 /* ParseClient.swift in Sources */,
				F367D8761BE2ADA10018634A /* TableViewController.swift in Sources */,
			);
			runOnlyForDeploymentPostprocessing = 0;
		};
/* End PBXSourcesBuildPhase section */

/* Begin PBXVariantGroup section */
		F367D8611BE2AAF40018634A /* Main.storyboard */ = {
			isa = PBXVariantGroup;
			children = (
				F367D8621BE2AAF40018634A /* Base */,
			);
			name = Main.storyboard;
			sourceTree = "<group>";
		};
		F367D8661BE2AAF40018634A /* LaunchScreen.storyboard */ = {
			isa = PBXVariantGroup;
			children = (
				F367D8671BE2AAF40018634A /* Base */,
			);
			name = LaunchScreen.storyboard;
			sourceTree = "<group>";
		};
/* End PBXVariantGroup section */

/* Begin XCBuildConfiguration section */
		F367D86A1BE2AAF50018634A /* Debug */ = {
			isa = XCBuildConfiguration;
			buildSettings = {
				ALWAYS_SEARCH_USER_PATHS = NO;
				CLANG_CXX_LANGUAGE_STANDARD = "gnu++0x";
				CLANG_CXX_LIBRARY = "libc++";
				CLANG_ENABLE_MODULES = YES;
				CLANG_ENABLE_OBJC_ARC = YES;
				CLANG_WARN_BOOL_CONVERSION = YES;
				CLANG_WARN_CONSTANT_CONVERSION = YES;
				CLANG_WARN_DIRECT_OBJC_ISA_USAGE = YES_ERROR;
				CLANG_WARN_EMPTY_BODY = YES;
				CLANG_WARN_ENUM_CONVERSION = YES;
				CLANG_WARN_INT_CONVERSION = YES;
				CLANG_WARN_OBJC_ROOT_CLASS = YES_ERROR;
				CLANG_WARN_UNREACHABLE_CODE = YES;
				CLANG_WARN__DUPLICATE_METHOD_MATCH = YES;
				"CODE_SIGN_IDENTITY[sdk=iphoneos*]" = "iPhone Developer";
				COPY_PHASE_STRIP = NO;
				DEBUG_INFORMATION_FORMAT = dwarf;
				ENABLE_STRICT_OBJC_MSGSEND = YES;
				ENABLE_TESTABILITY = YES;
				GCC_C_LANGUAGE_STANDARD = gnu99;
				GCC_DYNAMIC_NO_PIC = NO;
				GCC_NO_COMMON_BLOCKS = YES;
				GCC_OPTIMIZATION_LEVEL = 0;
				GCC_PREPROCESSOR_DEFINITIONS = (
					"DEBUG=1",
					"$(inherited)",
				);
				GCC_WARN_64_TO_32_BIT_CONVERSION = YES;
				GCC_WARN_ABOUT_RETURN_TYPE = YES_ERROR;
				GCC_WARN_UNDECLARED_SELECTOR = YES;
				GCC_WARN_UNINITIALIZED_AUTOS = YES_AGGRESSIVE;
				GCC_WARN_UNUSED_FUNCTION = YES;
				GCC_WARN_UNUSED_VARIABLE = YES;
				IPHONEOS_DEPLOYMENT_TARGET = 9.0;
				MTL_ENABLE_DEBUG_INFO = YES;
				ONLY_ACTIVE_ARCH = YES;
				SDKROOT = iphoneos;
				SWIFT_OPTIMIZATION_LEVEL = "-Onone";
			};
			name = Debug;
		};
		F367D86B1BE2AAF50018634A /* Release */ = {
			isa = XCBuildConfiguration;
			buildSettings = {
				ALWAYS_SEARCH_USER_PATHS = NO;
				CLANG_CXX_LANGUAGE_STANDARD = "gnu++0x";
				CLANG_CXX_LIBRARY = "libc++";
				CLANG_ENABLE_MODULES = YES;
				CLANG_ENABLE_OBJC_ARC = YES;
				CLANG_WARN_BOOL_CONVERSION = YES;
				CLANG_WARN_CONSTANT_CONVERSION = YES;
				CLANG_WARN_DIRECT_OBJC_ISA_USAGE = YES_ERROR;
				CLANG_WARN_EMPTY_BODY = YES;
				CLANG_WARN_ENUM_CONVERSION = YES;
				CLANG_WARN_INT_CONVERSION = YES;
				CLANG_WARN_OBJC_ROOT_CLASS = YES_ERROR;
				CLANG_WARN_UNREACHABLE_CODE = YES;
				CLANG_WARN__DUPLICATE_METHOD_MATCH = YES;
				"CODE_SIGN_IDENTITY[sdk=iphoneos*]" = "iPhone Developer";
				COPY_PHASE_STRIP = NO;
				DEBUG_INFORMATION_FORMAT = "dwarf-with-dsym";
				ENABLE_NS_ASSERTIONS = NO;
				ENABLE_STRICT_OBJC_MSGSEND = YES;
				GCC_C_LANGUAGE_STANDARD = gnu99;
				GCC_NO_COMMON_BLOCKS = YES;
				GCC_WARN_64_TO_32_BIT_CONVERSION = YES;
				GCC_WARN_ABOUT_RETURN_TYPE = YES_ERROR;
				GCC_WARN_UNDECLARED_SELECTOR = YES;
				GCC_WARN_UNINITIALIZED_AUTOS = YES_AGGRESSIVE;
				GCC_WARN_UNUSED_FUNCTION = YES;
				GCC_WARN_UNUSED_VARIABLE = YES;
				IPHONEOS_DEPLOYMENT_TARGET = 9.0;
				MTL_ENABLE_DEBUG_INFO = NO;
				SDKROOT = iphoneos;
				VALIDATE_PRODUCT = YES;
			};
			name = Release;
		};
		F367D86D1BE2AAF50018634A /* Debug */ = {
			isa = XCBuildConfiguration;
			buildSettings = {
				ASSETCATALOG_COMPILER_APPICON_NAME = AppIcon;
				CODE_SIGN_IDENTITY = "iPhone Developer";
				"CODE_SIGN_IDENTITY[sdk=iphoneos*]" = "iPhone Developer";
				FRAMEWORK_SEARCH_PATHS = (
					"$(inherited)",
					"$(PROJECT_DIR)/On\\ The\\ Map",
				);
				INFOPLIST_FILE = "On The Map/Info.plist";
				LD_RUNPATH_SEARCH_PATHS = "$(inherited) @executable_path/Frameworks";
				PRODUCT_BUNDLE_IDENTIFIER = "com.martinjkelly.On-The-Map";
				PRODUCT_NAME = "$(TARGET_NAME)";
				PROVISIONING_PROFILE = "";
				SWIFT_OBJC_BRIDGING_HEADER = "On The Map/FBBridgeHeader.h";
			};
			name = Debug;
		};
		F367D86E1BE2AAF50018634A /* Release */ = {
			isa = XCBuildConfiguration;
			buildSettings = {
				ASSETCATALOG_COMPILER_APPICON_NAME = AppIcon;
				CODE_SIGN_IDENTITY = "iPhone Developer";
				"CODE_SIGN_IDENTITY[sdk=iphoneos*]" = "iPhone Developer";
				FRAMEWORK_SEARCH_PATHS = (
					"$(inherited)",
					"$(PROJECT_DIR)/On\\ The\\ Map",
				);
				INFOPLIST_FILE = "On The Map/Info.plist";
				LD_RUNPATH_SEARCH_PATHS = "$(inherited) @executable_path/Frameworks";
				PRODUCT_BUNDLE_IDENTIFIER = "com.martinjkelly.On-The-Map";
				PRODUCT_NAME = "$(TARGET_NAME)";
				PROVISIONING_PROFILE = "";
				SWIFT_OBJC_BRIDGING_HEADER = "On The Map/FBBridgeHeader.h";
			};
			name = Release;
		};
/* End XCBuildConfiguration section */

/* Begin XCConfigurationList section */
		F367D8551BE2AAF40018634A /* Build configuration list for PBXProject "On The Map" */ = {
			isa = XCConfigurationList;
			buildConfigurations = (
				F367D86A1BE2AAF50018634A /* Debug */,
				F367D86B1BE2AAF50018634A /* Release */,
			);
			defaultConfigurationIsVisible = 0;
			defaultConfigurationName = Release;
		};
		F367D86C1BE2AAF50018634A /* Build configuration list for PBXNativeTarget "On The Map" */ = {
			isa = XCConfigurationList;
			buildConfigurations = (
				F367D86D1BE2AAF50018634A /* Debug */,
				F367D86E1BE2AAF50018634A /* Release */,
			);
			defaultConfigurationIsVisible = 0;
			defaultConfigurationName = Release;
		};
/* End XCConfigurationList section */
	};
	rootObject = F367D8521BE2AAF40018634A /* Project object */;
}
